Microsoft Visual Studio Solution File, Format Version 12.00
# Visual Studio Version 17
VisualStudioVersion = 17.5.2.0
MinimumVisualStudioVersion = 10.0.40219.1
Project("{FAE04EC0-301F-11D3-BF4B-00C04F79EFBC}") = "CarRegoApp", "CarRegoApp.csproj", "{568EDA2A-9971-AA30-4D2A-CE473A350CEF}"
EndProject
Global
	GlobalSection(SolutionConfigurationPlatforms) = preSolution
		Debug|Any CPU = Debug|Any CPU
		Release|Any CPU = Release|Any CPU
	EndGlobalSection
	GlobalSection(ProjectConfigurationPlatforms) = postSolution
		{568EDA2A-9971-AA30-4D2A-CE473A350CEF}.Debug|Any CPU.ActiveCfg = Debug|Any CPU
		{568EDA2A-9971-AA30-4D2A-CE473A350CEF}.Debug|Any CPU.Build.0 = Debug|Any CPU
		{568EDA2A-9971-AA30-4D2A-CE473A350CEF}.Release|Any CPU.ActiveCfg = Release|Any CPU
		{568EDA2A-9971-AA30-4D2A-CE473A350CEF}.Release|Any CPU.Build.0 = Release|Any CPU
	EndGlobalSection
	GlobalSection(SolutionProperties) = preSolution
		HideSolutionNode = FALSE
	EndGlobalSection
	GlobalSection(ExtensibilityGlobals) = postSolution
		SolutionGuid = {5FFA70E5-1F26-4AFE-B22C-F1002D652513}
	EndGlobalSection
EndGlobal
